
Microsoft Visual Studio Solution File, Format Version 12.00
# Visual Studio Version 17
VisualStudioVersion = 17.4.33205.214
MinimumVisualStudioVersion = 10.0.40219.1
Project("{FAE04EC0-301F-11D3-BF4B-00C04F79EFBC}") = "Running Sum", "Running Sum.csproj", "{8B339F88-1480-4E42-9892-C6CD229C6680}"
EndProject
Global
	GlobalSection(SolutionConfigurationPlatforms) = preSolution
		Debug|Any CPU = Debug|Any CPU
		Release|Any CPU = Release|Any CPU
	EndGlobalSection
	GlobalSection(ProjectConfigurationPlatforms) = postSolution
		{8B339F88-1480-4E42-9892-C6CD229C6680}.Debug|Any CPU.ActiveCfg = Debug|Any CPU
		{8B339F88-1480-4E42-9892-C6CD229C6680}.Debug|Any CPU.Build.0 = Debug|Any CPU
		{8B339F88-1480-4E42-9892-C6CD229C6680}.Release|Any CPU.ActiveCfg = Release|Any CPU
		{8B339F88-1480-4E42-9892-C6CD229C6680}.Release|Any CPU.Build.0 = Release|Any CPU
	EndGlobalSection
	GlobalSection(SolutionProperties) = preSolution
		HideSolutionNode = FALSE
	EndGlobalSection
	GlobalSection(ExtensibilityGlobals) = postSolution
		SolutionGuid = {3929A829-EB92-4B0B-A5CC-D23F9AEBE3B0}
	EndGlobalSection
EndGlobal
